{
  "originHash" : "c7be3bca337b48b236278030f222fea330fcd42b0d3c471db18710ebf5119b94",
  "pins" : [
    {
      "identity" : "jigglekit",
      "kind" : "remoteSourceControl",
      "location" : "https://github.com/visfitness/JiggleKit",
      "state" : {
        "revision" : "3829a49801cdca2dde6f94ddc9a504a4d4cb6631",
        "version" : "1.0.5"
      }
    }
  ],
  "version" : 3
}
